
Microsoft Visual Studio Solution File, Format Version 12.00
# Visual Studio Version 17
VisualStudioVersion = 17.7.34031.279
MinimumVisualStudioVersion = 10.0.40219.1
Project("{FAE04EC0-301F-11D3-BF4B-00C04F79EFBC}") = "EliseevPractica", "EliseevPractica\EliseevPractica.csproj", "{2CC0E37C-C89C-4CBC-9E35-1029D896233F}"
EndProject
Global
	GlobalSection(SolutionConfigurationPlatforms) = preSolution
		Debug|Any CPU = Debug|Any CPU
		Release|Any CPU = Release|Any CPU
	EndGlobalSection
	GlobalSection(ProjectConfigurationPlatforms) = postSolution
		{2CC0E37C-C89C-4CBC-9E35-1029D896233F}.Debug|Any CPU.ActiveCfg = Debug|Any CPU
		{2CC0E37C-C89C-4CBC-9E35-1029D896233F}.Debug|Any CPU.Build.0 = Debug|Any CPU
		{2CC0E37C-C89C-4CBC-9E35-1029D896233F}.Release|Any CPU.ActiveCfg = Release|Any CPU
		{2CC0E37C-C89C-4CBC-9E35-1029D896233F}.Release|Any CPU.Build.0 = Release|Any CPU
	EndGlobalSection
	GlobalSection(SolutionProperties) = preSolution
		HideSolutionNode = FALSE
	EndGlobalSection
	GlobalSection(ExtensibilityGlobals) = postSolution
		SolutionGuid = {6C91D82F-1712-4444-A0CC-A9B3106D9781}
	EndGlobalSection
EndGlobal
